// !$*UTF8*$!
{
	archiveVersion = 1;
	classes = {
	};
	objectVersion = 46;
	objects = {

/* Begin PBXBuildFile section */
		5674CBE81BE62AE600D8D691 /* AppDelegate.swift in Sources */ = {isa = PBXBuildFile; fileRef = 5674CBE71BE62AE600D8D691 /* AppDelegate.swift */; };
		5674CBEA1BE62AE600D8D691 /* ViewController.swift in Sources */ = {isa = PBXBuildFile; fileRef = 5674CBE91BE62AE600D8D691 /* ViewController.swift */; };
		5674CBED1BE62AE600D8D691 /* Main.storyboard in Resources */ = {isa = PBXBuildFile; fileRef = 5674CBEB1BE62AE600D8D691 /* Main.storyboard */; };
		5674CBF01BE62AE600D8D691 /* RoverRemote.xcdatamodeld in Sources */ = {isa = PBXBuildFile; fileRef = 5674CBEE1BE62AE600D8D691 /* RoverRemote.xcdatamodeld */; };
		5674CBF21BE62AE600D8D691 /* Assets.xcassets in Resources */ = {isa = PBXBuildFile; fileRef = 5674CBF11BE62AE600D8D691 /* Assets.xcassets */; };
		5674CBF51BE62AE600D8D691 /* LaunchScreen.storyboard in Resources */ = {isa = PBXBuildFile; fileRef = 5674CBF31BE62AE600D8D691 /* LaunchScreen.storyboard */; };
		5674CC1A1BE62B9E00D8D691 /* ControlButtonsWASD.swift in Sources */ = {isa = PBXBuildFile; fileRef = 5674CC141BE62B9E00D8D691 /* ControlButtonsWASD.swift */; };
		5674CC1B1BE62B9E00D8D691 /* ControlHardware.swift in Sources */ = {isa = PBXBuildFile; fileRef = 5674CC151BE62B9E00D8D691 /* ControlHardware.swift */; };
		5674CC1C1BE62B9E00D8D691 /* ControlJoystick.swift in Sources */ = {isa = PBXBuildFile; fileRef = 5674CC161BE62B9E00D8D691 /* ControlJoystick.swift */; };
		5674CC1D1BE62B9E00D8D691 /* Hardware.swift in Sources */ = {isa = PBXBuildFile; fileRef = 5674CC171BE62B9E00D8D691 /* Hardware.swift */; };
		5674CC1E1BE62B9E00D8D691 /* HardwareManager.swift in Sources */ = {isa = PBXBuildFile; fileRef = 5674CC181BE62B9E00D8D691 /* HardwareManager.swift */; };
		5674CC1F1BE62B9E00D8D691 /* Helper.swift in Sources */ = {isa = PBXBuildFile; fileRef = 5674CC191BE62B9E00D8D691 /* Helper.swift */; };
		56D310371CCD41F900AB21EA /* libiconv.tbd in Frameworks */ = {isa = PBXBuildFile; fileRef = 56D310361CCD41F900AB21EA /* libiconv.tbd */; };
		56D310391CCD420800AB21EA /* libstdc++.tbd in Frameworks */ = {isa = PBXBuildFile; fileRef = 56D310381CCD420800AB21EA /* libstdc++.tbd */; };
		56D3103B1CCD421500AB21EA /* libbz2.tbd in Frameworks */ = {isa = PBXBuildFile; fileRef = 56D3103A1CCD421500AB21EA /* libbz2.tbd */; };
		56D3103D1CCD422400AB21EA /* libz.tbd in Frameworks */ = {isa = PBXBuildFile; fileRef = 56D3103C1CCD422400AB21EA /* libz.tbd */; };
		56D310411CCD429F00AB21EA /* libcrypto.a in Frameworks */ = {isa = PBXBuildFile; fileRef = 56D3103F1CCD429F00AB21EA /* libcrypto.a */; };
		56D310421CCD429F00AB21EA /* libssl.a in Frameworks */ = {isa = PBXBuildFile; fileRef = 56D310401CCD429F00AB21EA /* libssl.a */; };
		56D310441CCD42DD00AB21EA /* AVPlayerTouch.framework in Frameworks */ = {isa = PBXBuildFile; fileRef = 56D310431CCD42DD00AB21EA /* AVPlayerTouch.framework */; };
		56D310471CCD443D00AB21EA /* VideoFeed.swift in Sources */ = {isa = PBXBuildFile; fileRef = 56D310461CCD443D00AB21EA /* VideoFeed.swift */; };
/* End PBXBuildFile section */

/* Begin PBXFileReference section */
		5674CBE41BE62AE600D8D691 /* RoverRemote.app */ = {isa = PBXFileReference; explicitFileType = wrapper.application; includeInIndex = 0; path = RoverRemote.app; sourceTree = BUILT_PRODUCTS_DIR; };
		5674CBE71BE62AE600D8D691 /* AppDelegate.swift */ = {isa = PBXFileReference; lastKnownFileType = sourcecode.swift; path = AppDelegate.swift; sourceTree = "<group>"; };
		5674CBE91BE62AE600D8D691 /* ViewController.swift */ = {isa = PBXFileReference; lastKnownFileType = sourcecode.swift; path = ViewController.swift; sourceTree = "<group>"; };
		5674CBEC1BE62AE600D8D691 /* Base */ = {isa = PBXFileReference; lastKnownFileType = file.storyboard; name = Base; path = Base.lproj/Main.storyboard; sourceTree = "<group>"; };
		5674CBEF1BE62AE600D8D691 /* RoverRemote.xcdatamodel */ = {isa = PBXFileReference; lastKnownFileType = wrapper.xcdatamodel; path = RoverRemote.xcdatamodel; sourceTree = "<group>"; };
		5674CBF11BE62AE600D8D691 /* Assets.xcassets */ = {isa = PBXFileReference; lastKnownFileType = folder.assetcatalog; path = Assets.xcassets; sourceTree = "<group>"; };
		5674CBF41BE62AE600D8D691 /* Base */ = {isa = PBXFileReference; lastKnownFileType = file.storyboard; name = Base; path = Base.lproj/LaunchScreen.storyboard; sourceTree = "<group>"; };
		5674CBF61BE62AE600D8D691 /* Info.plist */ = {isa = PBXFileReference; lastKnownFileType = text.plist.xml; path = Info.plist; sourceTree = "<group>"; };
		5674CC141BE62B9E00D8D691 /* ControlButtonsWASD.swift */ = {isa = PBXFileReference; fileEncoding = 4; lastKnownFileType = sourcecode.swift; path = ControlButtonsWASD.swift; sourceTree = "<group>"; };
		5674CC151BE62B9E00D8D691 /* ControlHardware.swift */ = {isa = PBXFileReference; fileEncoding = 4; lastKnownFileType = sourcecode.swift; path = ControlHardware.swift; sourceTree = "<group>"; };
		5674CC161BE62B9E00D8D691 /* ControlJoystick.swift */ = {isa = PBXFileReference; fileEncoding = 4; lastKnownFileType = sourcecode.swift; path = ControlJoystick.swift; sourceTree = "<group>"; };
		5674CC171BE62B9E00D8D691 /* Hardware.swift */ = {isa = PBXFileReference; fileEncoding = 4; lastKnownFileType = sourcecode.swift; path = Hardware.swift; sourceTree = "<group>"; };
		5674CC181BE62B9E00D8D691 /* HardwareManager.swift */ = {isa = PBXFileReference; fileEncoding = 4; lastKnownFileType = sourcecode.swift; path = HardwareManager.swift; sourceTree = "<group>"; };
		5674CC191BE62B9E00D8D691 /* Helper.swift */ = {isa = PBXFileReference; fileEncoding = 4; lastKnownFileType = sourcecode.swift; path = Helper.swift; sourceTree = "<group>"; };
		56D310361CCD41F900AB21EA /* libiconv.tbd */ = {isa = PBXFileReference; lastKnownFileType = "sourcecode.text-based-dylib-definition"; name = libiconv.tbd; path = usr/lib/libiconv.tbd; sourceTree = SDKROOT; };
		56D310381CCD420800AB21EA /* libstdc++.tbd */ = {isa = PBXFileReference; lastKnownFileType = "sourcecode.text-based-dylib-definition"; name = "libstdc++.tbd"; path = "usr/lib/libstdc++.tbd"; sourceTree = SDKROOT; };
		56D3103A1CCD421500AB21EA /* libbz2.tbd */ = {isa = PBXFileReference; lastKnownFileType = "sourcecode.text-based-dylib-definition"; name = libbz2.tbd; path = usr/lib/libbz2.tbd; sourceTree = SDKROOT; };
		56D3103C1CCD422400AB21EA /* libz.tbd */ = {isa = PBXFileReference; lastKnownFileType = "sourcecode.text-based-dylib-definition"; name = libz.tbd; path = usr/lib/libz.tbd; sourceTree = SDKROOT; };
		56D3103F1CCD429F00AB21EA /* libcrypto.a */ = {isa = PBXFileReference; lastKnownFileType = archive.ar; name = libcrypto.a; path = RoverRemote/libs/libcrypto.a; sourceTree = "<group>"; };
		56D310401CCD429F00AB21EA /* libssl.a */ = {isa = PBXFileReference; lastKnownFileType = archive.ar; name = libssl.a; path = RoverRemote/libs/libssl.a; sourceTree = "<group>"; };
		56D310431CCD42DD00AB21EA /* AVPlayerTouch.framework */ = {isa = PBXFileReference; lastKnownFileType = wrapper.framework; name = AVPlayerTouch.framework; path = RoverRemote/libs/AVPlayerTouch.framework; sourceTree = "<group>"; };
		56D310461CCD443D00AB21EA /* VideoFeed.swift */ = {isa = PBXFileReference; fileEncoding = 4; lastKnownFileType = sourcecode.swift; path = VideoFeed.swift; sourceTree = "<group>"; };
		56D310481CCD457F00AB21EA /* Bridging-Header.h */ = {isa = PBXFileReference; fileEncoding = 4; lastKnownFileType = sourcecode.c.h; path = "Bridging-Header.h"; sourceTree = "<group>"; };
/* End PBXFileReference section */

/* Begin PBXFrameworksBuildPhase section */
		5674CBE11BE62AE600D8D691 /* Frameworks */ = {
			isa = PBXFrameworksBuildPhase;
			buildActionMask = 2147483647;
			files = (
				56D310371CCD41F900AB21EA /* libiconv.tbd in Frameworks */,
				56D310391CCD420800AB21EA /* libstdc++.tbd in Frameworks */,
				56D3103B1CCD421500AB21EA /* libbz2.tbd in Frameworks */,
				56D3103D1CCD422400AB21EA /* libz.tbd in Frameworks */,
				56D310411CCD429F00AB21EA /* libcrypto.a in Frameworks */,
				56D310421CCD429F00AB21EA /* libssl.a in Frameworks */,
				56D310441CCD42DD00AB21EA /* AVPlayerTouch.framework in Frameworks */,
			);
			runOnlyForDeploymentPostprocessing = 0;
		};
/* End PBXFrameworksBuildPhase section */

/* Begin PBXGroup section */
		5674CBDB1BE62AE600D8D691 = {
			isa = PBXGroup;
			children = (
				5674CBE61BE62AE600D8D691 /* RoverRemote */,
				56D3103E1CCD427500AB21EA /* Frameworks */,
				5674CBE51BE62AE600D8D691 /* Products */,
			);
			sourceTree = "<group>";
		};
		5674CBE51BE62AE600D8D691 /* Products */ = {
			isa = PBXGroup;
			children = (
				5674CBE41BE62AE600D8D691 /* RoverRemote.app */,
			);
			name = Products;
			sourceTree = "<group>";
		};
		5674CBE61BE62AE600D8D691 /* RoverRemote */ = {
			isa = PBXGroup;
			children = (
				56D310481CCD457F00AB21EA /* Bridging-Header.h */,
				5674CBE71BE62AE600D8D691 /* AppDelegate.swift */,
				5674CBE91BE62AE600D8D691 /* ViewController.swift */,
				5674CC151BE62B9E00D8D691 /* ControlHardware.swift */,
				5674CC141BE62B9E00D8D691 /* ControlButtonsWASD.swift */,
				5674CC161BE62B9E00D8D691 /* ControlJoystick.swift */,
				5674CC171BE62B9E00D8D691 /* Hardware.swift */,
				5674CC181BE62B9E00D8D691 /* HardwareManager.swift */,
				5674CC191BE62B9E00D8D691 /* Helper.swift */,
				56D310461CCD443D00AB21EA /* VideoFeed.swift */,
				5674CBEB1BE62AE600D8D691 /* Main.storyboard */,
				5674CBF11BE62AE600D8D691 /* Assets.xcassets */,
				5674CBF31BE62AE600D8D691 /* LaunchScreen.storyboard */,
				5674CBF61BE62AE600D8D691 /* Info.plist */,
				5674CBEE1BE62AE600D8D691 /* RoverRemote.xcdatamodeld */,
			);
			path = RoverRemote;
			sourceTree = "<group>";
		};
		56D3103E1CCD427500AB21EA /* Frameworks */ = {
			isa = PBXGroup;
			children = (
				56D310361CCD41F900AB21EA /* libiconv.tbd */,
				56D310381CCD420800AB21EA /* libstdc++.tbd */,
				56D3103A1CCD421500AB21EA /* libbz2.tbd */,
				56D3103C1CCD422400AB21EA /* libz.tbd */,
				56D3103F1CCD429F00AB21EA /* libcrypto.a */,
				56D310401CCD429F00AB21EA /* libssl.a */,
				56D310431CCD42DD00AB21EA /* AVPlayerTouch.framework */,
			);
			name = Frameworks;
			sourceTree = "<group>";
		};
/* End PBXGroup section */

/* Begin PBXNativeTarget section */
		5674CBE31BE62AE600D8D691 /* RoverRemote */ = {
			isa = PBXNativeTarget;
			buildConfigurationList = 5674CBF91BE62AE600D8D691 /* Build configuration list for PBXNativeTarget "RoverRemote" */;
			buildPhases = (
				5674CBE01BE62AE600D8D691 /* Sources */,
				5674CBE11BE62AE600D8D691 /* Frameworks */,
				5674CBE21BE62AE600D8D691 /* Resources */,
			);
			buildRules = (
			);
			dependencies = (
			);
			name = RoverRemote;
			productName = RoverRemote;
			productReference = 5674CBE41BE62AE600D8D691 /* RoverRemote.app */;
			productType = "com.apple.product-type.application";
		};
/* End PBXNativeTarget section */

/* Begin PBXProject section */
		5674CBDC1BE62AE600D8D691 /* Project object */ = {
			isa = PBXProject;
			attributes = {
				LastSwiftUpdateCheck = 0710;
				LastUpgradeCheck = 0710;
				ORGANIZATIONNAME = "Muhammed Miah";
				TargetAttributes = {
					5674CBE31BE62AE600D8D691 = {
						CreatedOnToolsVersion = 7.1;
						DevelopmentTeam = 7LF3SW5EVG;
					};
				};
			};
			buildConfigurationList = 5674CBDF1BE62AE600D8D691 /* Build configuration list for PBXProject "RoverRemote" */;
			compatibilityVersion = "Xcode 3.2";
			developmentRegion = English;
			hasScannedForEncodings = 0;
			knownRegions = (
				en,
				Base,
			);
			mainGroup = 5674CBDB1BE62AE600D8D691;
			productRefGroup = 5674CBE51BE62AE600D8D691 /* Products */;
			projectDirPath = "";
			projectRoot = "";
			targets = (
				5674CBE31BE62AE600D8D691 /* RoverRemote */,
			);
		};
/* End PBXProject section */

/* Begin PBXResourcesBuildPhase section */
		5674CBE21BE62AE600D8D691 /* Resources */ = {
			isa = PBXResourcesBuildPhase;
			buildActionMask = 2147483647;
			files = (
				5674CBF51BE62AE600D8D691 /* LaunchScreen.storyboard in Resources */,
				5674CBF21BE62AE600D8D691 /* Assets.xcassets in Resources */,
				5674CBED1BE62AE600D8D691 /* Main.storyboard in Resources */,
			);
			runOnlyForDeploymentPostprocessing = 0;
		};
/* End PBXResourcesBuildPhase section */

/* Begin PBXSourcesBuildPhase section */
		5674CBE01BE62AE600D8D691 /* Sources */ = {
			isa = PBXSourcesBuildPhase;
			buildActionMask = 2147483647;
			files = (
				5674CBEA1BE62AE600D8D691 /* ViewController.swift in Sources */,
				56D310471CCD443D00AB21EA /* VideoFeed.swift in Sources */,
				5674CC1E1BE62B9E00D8D691 /* HardwareManager.swift in Sources */,
				5674CC1C1BE62B9E00D8D691 /* ControlJoystick.swift in Sources */,
				5674CC1D1BE62B9E00D8D691 /* Hardware.swift in Sources */,
				5674CBE81BE62AE600D8D691 /* AppDelegate.swift in Sources */,
				5674CC1F1BE62B9E00D8D691 /* Helper.swift in Sources */,
				5674CC1A1BE62B9E00D8D691 /* ControlButtonsWASD.swift in Sources */,
				5674CBF01BE62AE600D8D691 /* RoverRemote.xcdatamodeld in Sources */,
				5674CC1B1BE62B9E00D8D691 /* ControlHardware.swift in Sources */,
			);
			runOnlyForDeploymentPostprocessing = 0;
		};
/* End PBXSourcesBuildPhase section */

/* Begin PBXVariantGroup section */
		5674CBEB1BE62AE600D8D691 /* Main.storyboard */ = {
			isa = PBXVariantGroup;
			children = (
				5674CBEC1BE62AE600D8D691 /* Base */,
			);
			name = Main.storyboard;
			sourceTree = "<group>";
		};
		5674CBF31BE62AE600D8D691 /* LaunchScreen.storyboard */ = {
			isa = PBXVariantGroup;
			children = (
				5674CBF41BE62AE600D8D691 /* Base */,
			);
			name = LaunchScreen.storyboard;
			sourceTree = "<group>";
		};
/* End PBXVariantGroup section */

/* Begin XCBuildConfiguration section */
		5674CBF71BE62AE600D8D691 /* Debug */ = {
			isa = XCBuildConfiguration;
			buildSettings = {
				ALWAYS_SEARCH_USER_PATHS = NO;
				CLANG_CXX_LANGUAGE_STANDARD = "gnu++0x";
				CLANG_CXX_LIBRARY = "libc++";
				CLANG_ENABLE_MODULES = YES;
				CLANG_ENABLE_OBJC_ARC = YES;
				CLANG_WARN_BOOL_CONVERSION = YES;
				CLANG_WARN_CONSTANT_CONVERSION = YES;
				CLANG_WARN_DIRECT_OBJC_ISA_USAGE = YES_ERROR;
				CLANG_WARN_EMPTY_BODY = YES;
				CLANG_WARN_ENUM_CONVERSION = YES;
				CLANG_WARN_INT_CONVERSION = YES;
				CLANG_WARN_OBJC_ROOT_CLASS = YES_ERROR;
				CLANG_WARN_UNREACHABLE_CODE = YES;
				CLANG_WARN__DUPLICATE_METHOD_MATCH = YES;
				"CODE_SIGN_IDENTITY[sdk=iphoneos*]" = "iPhone Developer";
				COPY_PHASE_STRIP = NO;
				DEBUG_INFORMATION_FORMAT = dwarf;
				ENABLE_STRICT_OBJC_MSGSEND = YES;
				ENABLE_TESTABILITY = YES;
				GCC_C_LANGUAGE_STANDARD = gnu99;
				GCC_DYNAMIC_NO_PIC = NO;
				GCC_NO_COMMON_BLOCKS = YES;
				GCC_OPTIMIZATION_LEVEL = 0;
				GCC_PREPROCESSOR_DEFINITIONS = (
					"DEBUG=1",
					"$(inherited)",
				);
				GCC_WARN_64_TO_32_BIT_CONVERSION = YES;
				GCC_WARN_ABOUT_RETURN_TYPE = YES_ERROR;
				GCC_WARN_UNDECLARED_SELECTOR = YES;
				GCC_WARN_UNINITIALIZED_AUTOS = YES_AGGRESSIVE;
				GCC_WARN_UNUSED_FUNCTION = YES;
				GCC_WARN_UNUSED_VARIABLE = YES;
				IPHONEOS_DEPLOYMENT_TARGET = 9.3;
				MTL_ENABLE_DEBUG_INFO = YES;
				ONLY_ACTIVE_ARCH = YES;
				SDKROOT = iphoneos;
				SWIFT_OPTIMIZATION_LEVEL = "-Onone";
				TARGETED_DEVICE_FAMILY = "1,2";
			};
			name = Debug;
		};
		5674CBF81BE62AE600D8D691 /* Release */ = {
			isa = XCBuildConfiguration;
			buildSettings = {
				ALWAYS_SEARCH_USER_PATHS = NO;
				CLANG_CXX_LANGUAGE_STANDARD = "gnu++0x";
				CLANG_CXX_LIBRARY = "libc++";
				CLANG_ENABLE_MODULES = YES;
				CLANG_ENABLE_OBJC_ARC = YES;
				CLANG_WARN_BOOL_CONVERSION = YES;
				CLANG_WARN_CONSTANT_CONVERSION = YES;
				CLANG_WARN_DIRECT_OBJC_ISA_USAGE = YES_ERROR;
				CLANG_WARN_EMPTY_BODY = YES;
				CLANG_WARN_ENUM_CONVERSION = YES;
				CLANG_WARN_INT_CONVERSION = YES;
				CLANG_WARN_OBJC_ROOT_CLASS = YES_ERROR;
				CLANG_WARN_UNREACHABLE_CODE = YES;
				CLANG_WARN__DUPLICATE_METHOD_MATCH = YES;
				"CODE_SIGN_IDENTITY[sdk=iphoneos*]" = "iPhone Developer";
				COPY_PHASE_STRIP = NO;
				DEBUG_INFORMATION_FORMAT = "dwarf-with-dsym";
				ENABLE_NS_ASSERTIONS = NO;
				ENABLE_STRICT_OBJC_MSGSEND = YES;
				GCC_C_LANGUAGE_STANDARD = gnu99;
				GCC_NO_COMMON_BLOCKS = YES;
				GCC_WARN_64_TO_32_BIT_CONVERSION = YES;
				GCC_WARN_ABOUT_RETURN_TYPE = YES_ERROR;
				GCC_WARN_UNDECLARED_SELECTOR = YES;
				GCC_WARN_UNINITIALIZED_AUTOS = YES_AGGRESSIVE;
				GCC_WARN_UNUSED_FUNCTION = YES;
				GCC_WARN_UNUSED_VARIABLE = YES;
				IPHONEOS_DEPLOYMENT_TARGET = 9.3;
				MTL_ENABLE_DEBUG_INFO = NO;
				SDKROOT = iphoneos;
				TARGETED_DEVICE_FAMILY = "1,2";
				VALIDATE_PRODUCT = YES;
			};
			name = Release;
		};
		5674CBFA1BE62AE600D8D691 /* Debug */ = {
			isa = XCBuildConfiguration;
			buildSettings = {
				ASSETCATALOG_COMPILER_APPICON_NAME = AppIcon;
				CODE_SIGN_IDENTITY = "iPhone Developer";
				FRAMEWORK_SEARCH_PATHS = (
					"$(inherited)",
					"$(PROJECT_DIR)/RoverRemote/libs",
				);
				INFOPLIST_FILE = RoverRemote/Info.plist;
				IPHONEOS_DEPLOYMENT_TARGET = 9.3;
				LD_RUNPATH_SEARCH_PATHS = "$(inherited) @executable_path/Frameworks";
				LIBRARY_SEARCH_PATHS = (
					"$(inherited)",
					"$(PROJECT_DIR)/RoverRemote/libs",
				);
				PRODUCT_BUNDLE_IDENTIFIER = Momiah.RoverRemote;
				PRODUCT_NAME = "$(TARGET_NAME)";
				SWIFT_OBJC_BRIDGING_HEADER = "RoverRemote/Bridging-Header.h";
			};
			name = Debug;
		};
		5674CBFB1BE62AE600D8D691 /* Release */ = {
			isa = XCBuildConfiguration;
			buildSettings = {
				ASSETCATALOG_COMPILER_APPICON_NAME = AppIcon;
				CODE_SIGN_IDENTITY = "iPhone Developer";
				FRAMEWORK_SEARCH_PATHS = (
					"$(inherited)",
					"$(PROJECT_DIR)/RoverRemote/libs",
				);
				INFOPLIST_FILE = RoverRemote/Info.plist;
				IPHONEOS_DEPLOYMENT_TARGET = 9.3;
				LD_RUNPATH_SEARCH_PATHS = "$(inherited) @executable_path/Frameworks";
				LIBRARY_SEARCH_PATHS = (
					"$(inherited)",
					"$(PROJECT_DIR)/RoverRemote/libs",
				);
				PRODUCT_BUNDLE_IDENTIFIER = Momiah.RoverRemote;
				PRODUCT_NAME = "$(TARGET_NAME)";
				SWIFT_OBJC_BRIDGING_HEADER = "RoverRemote/Bridging-Header.h";
			};
			name = Release;
		};
/* End XCBuildConfiguration section */

/* Begin XCConfigurationList section */
		5674CBDF1BE62AE600D8D691 /* Build configuration list for PBXProject "RoverRemote" */ = {
			isa = XCConfigurationList;
			buildConfigurations = (
				5674CBF71BE62AE600D8D691 /* Debug */,
				5674CBF81BE62AE600D8D691 /* Release */,
			);
			defaultConfigurationIsVisible = 0;
			defaultConfigurationName = Release;
		};
		5674CBF91BE62AE600D8D691 /* Build configuration list for PBXNativeTarget "RoverRemote" */ = {
			isa = XCConfigurationList;
			buildConfigurations = (
				5674CBFA1BE62AE600D8D691 /* Debug */,
				5674CBFB1BE62AE600D8D691 /* Release */,
			);
			defaultConfigurationIsVisible = 0;
			defaultConfigurationName = Release;
		};
/* End XCConfigurationList section */

/* Begin XCVersionGroup section */
		5674CBEE1BE62AE600D8D691 /* RoverRemote.xcdatamodeld */ = {
			isa = XCVersionGroup;
			children = (
				5674CBEF1BE62AE600D8D691 /* RoverRemote.xcdatamodel */,
			);
			currentVersion = 5674CBEF1BE62AE600D8D691 /* RoverRemote.xcdatamodel */;
			path = RoverRemote.xcdatamodeld;
			sourceTree = "<group>";
			versionGroupType = wrapper.xcdatamodel;
		};
/* End XCVersionGroup section */
	};
	rootObject = 5674CBDC1BE62AE600D8D691 /* Project object */;
}
